
Microsoft Visual Studio Solution File, Format Version 12.00
# Visual Studio 15
VisualStudioVersion = 15.0.26430.16
MinimumVisualStudioVersion = 10.0.40219.1
Project("{FAE04EC0-301F-11D3-BF4B-00C04F79EFBC}") = "SharePoint.Libraries.Entity", "SharePoint.Libraries.Entity\SharePoint.Libraries.Entity.csproj", "{676B9781-E0EE-4FBD-83A6-4BFE036C825A}"
EndProject
Project("{2150E333-8FDC-42A3-9474-1A3956D46DE8}") = "Test", "Test", "{C67C036B-C29D-43C4-AB5A-F46C35F0CAD8}"
EndProject
Project("{FAE04EC0-301F-11D3-BF4B-00C04F79EFBC}") = "SharePointTestConsole", "SharePointTestConsole\SharePointTestConsole.csproj", "{F2C0211F-1206-44B9-9D69-0D956998738D}"
EndProject
Project("{2150E333-8FDC-42A3-9474-1A3956D46DE8}") = "Config", "Config", "{3C614C7A-CC07-4301-9ABC-7B20FC5FD9EC}"
	ProjectSection(SolutionItems) = preProject
		nuget.txt = nuget.txt
	EndProjectSection
EndProject
Project("{FAE04EC0-301F-11D3-BF4B-00C04F79EFBC}") = "SharePoint.Libraries.Helper", "SharePoint.Libraries.Helper\SharePoint.Libraries.Helper.csproj", "{4F699E85-790A-4429-9291-3EE1AD0E2EF5}"
EndProject
Project("{2150E333-8FDC-42A3-9474-1A3956D46DE8}") = "Files", "Files", "{C0202FB1-A1AA-4642-9FE5-37FBD254317E}"
EndProject
Project("{2150E333-8FDC-42A3-9474-1A3956D46DE8}") = "SPEntity", "SPEntity", "{3146E810-CB50-4A44-AB19-F12A193057F7}"
	ProjectSection(SolutionItems) = preProject
		..\Files\SPEntity\Attachment.jpg = ..\Files\SPEntity\Attachment.jpg
		..\Files\SPEntity\images_libraryRep.jpg = ..\Files\SPEntity\images_libraryRep.jpg
		..\Files\SPEntity\ListView.jpg = ..\Files\SPEntity\ListView.jpg
		..\Files\SPEntity\RepositoryMethods.jpg = ..\Files\SPEntity\RepositoryMethods.jpg
		..\Files\SPEntity\Result.jpg = ..\Files\SPEntity\Result.jpg
		..\Files\SPEntity\SiteRepository.jpg = ..\Files\SPEntity\SiteRepository.jpg
	EndProjectSection
EndProject
Global
	GlobalSection(SolutionConfigurationPlatforms) = preSolution
		Debug|Any CPU = Debug|Any CPU
		Release|Any CPU = Release|Any CPU
	EndGlobalSection
	GlobalSection(ProjectConfigurationPlatforms) = postSolution
		{676B9781-E0EE-4FBD-83A6-4BFE036C825A}.Debug|Any CPU.ActiveCfg = Debug|Any CPU
		{676B9781-E0EE-4FBD-83A6-4BFE036C825A}.Debug|Any CPU.Build.0 = Debug|Any CPU
		{676B9781-E0EE-4FBD-83A6-4BFE036C825A}.Release|Any CPU.ActiveCfg = Release|Any CPU
		{676B9781-E0EE-4FBD-83A6-4BFE036C825A}.Release|Any CPU.Build.0 = Release|Any CPU
		{F2C0211F-1206-44B9-9D69-0D956998738D}.Debug|Any CPU.ActiveCfg = Debug|Any CPU
		{F2C0211F-1206-44B9-9D69-0D956998738D}.Debug|Any CPU.Build.0 = Debug|Any CPU
		{F2C0211F-1206-44B9-9D69-0D956998738D}.Release|Any CPU.ActiveCfg = Release|Any CPU
		{F2C0211F-1206-44B9-9D69-0D956998738D}.Release|Any CPU.Build.0 = Release|Any CPU
		{4F699E85-790A-4429-9291-3EE1AD0E2EF5}.Debug|Any CPU.ActiveCfg = Debug|Any CPU
		{4F699E85-790A-4429-9291-3EE1AD0E2EF5}.Debug|Any CPU.Build.0 = Debug|Any CPU
		{4F699E85-790A-4429-9291-3EE1AD0E2EF5}.Release|Any CPU.ActiveCfg = Release|Any CPU
		{4F699E85-790A-4429-9291-3EE1AD0E2EF5}.Release|Any CPU.Build.0 = Release|Any CPU
	EndGlobalSection
	GlobalSection(SolutionProperties) = preSolution
		HideSolutionNode = FALSE
	EndGlobalSection
	GlobalSection(NestedProjects) = preSolution
		{F2C0211F-1206-44B9-9D69-0D956998738D} = {C67C036B-C29D-43C4-AB5A-F46C35F0CAD8}
		{3146E810-CB50-4A44-AB19-F12A193057F7} = {C0202FB1-A1AA-4642-9FE5-37FBD254317E}
	EndGlobalSection
EndGlobal
